// !$*UTF8*$!
{
	archiveVersion = 1;
	classes = {
	};
	objectVersion = 50;
	objects = {

/* Begin PBXBuildFile section */
		429DE2BB20F3FDB300A1C3C8 /* CollectionExtensionsUnitTest.swift in Sources */ = {isa = PBXBuildFile; fileRef = 429DE2A820F3FA5C00A1C3C8 /* CollectionExtensionsUnitTest.swift */; };
		429DE2C120F54DD700A1C3C8 /* NightscoutApiClient.swift in Sources */ = {isa = PBXBuildFile; fileRef = 429DE2BF20F54D8800A1C3C8 /* NightscoutApiClient.swift */; };
		429DE2C320F5678700A1C3C8 /* UserConfigurationUnitTest.swift in Sources */ = {isa = PBXBuildFile; fileRef = 429DE2C220F5678700A1C3C8 /* UserConfigurationUnitTest.swift */; };
		429DE2C520F56AF000A1C3C8 /* UserDefaultsMock.swift in Sources */ = {isa = PBXBuildFile; fileRef = 429DE2C420F56AF000A1C3C8 /* UserDefaultsMock.swift */; };
		42E24A4A20C5B53300A45959 /* Assets.xcassets in Resources */ = {isa = PBXBuildFile; fileRef = 42E24A3A20C5B53300A45959 /* Assets.xcassets */; };
		42E24A4C20C5B53300A45959 /* CollectionExtensions.swift in Sources */ = {isa = PBXBuildFile; fileRef = 42E24A3E20C5B53300A45959 /* CollectionExtensions.swift */; };
		42E24A4D20C5B53300A45959 /* NSMenuItemExtensions.swift in Sources */ = {isa = PBXBuildFile; fileRef = 42E24A3F20C5B53300A45959 /* NSMenuItemExtensions.swift */; };
		42E24A4E20C5B53300A45959 /* MainMenuController.swift in Sources */ = {isa = PBXBuildFile; fileRef = 42E24A4120C5B53300A45959 /* MainMenuController.swift */; };
		42E24A4F20C5B53300A45959 /* MainMenu.xib in Resources */ = {isa = PBXBuildFile; fileRef = 42E24A4220C5B53300A45959 /* MainMenu.xib */; };
		42E24A5020C5B53300A45959 /* NightscoutApi.swift in Sources */ = {isa = PBXBuildFile; fileRef = 42E24A4420C5B53300A45959 /* NightscoutApi.swift */; };
		42E24A5120C5B53300A45959 /* AppDelegate.swift in Sources */ = {isa = PBXBuildFile; fileRef = 42E24A4520C5B53300A45959 /* AppDelegate.swift */; };
		42E24A5220C5B53300A45959 /* UserConfiguration.swift in Sources */ = {isa = PBXBuildFile; fileRef = 42E24A4720C5B53300A45959 /* UserConfiguration.swift */; };
		42E24A5320C5B53300A45959 /* NightscoutService.swift in Sources */ = {isa = PBXBuildFile; fileRef = 42E24A4820C5B53300A45959 /* NightscoutService.swift */; };
		42E24A5420C5B53300A45959 /* NotificationService.swift in Sources */ = {isa = PBXBuildFile; fileRef = 42E24A4920C5B53300A45959 /* NotificationService.swift */; };
		848BF0EE3B6B95A079E32931 /* Pods_NightscoutMenuTests.framework in Frameworks */ = {isa = PBXBuildFile; fileRef = D8505D58C0D1D83615DD6657 /* Pods_NightscoutMenuTests.framework */; };
		DD861BF122848879DA326D90 /* Pods_NightscoutMenu.framework in Frameworks */ = {isa = PBXBuildFile; fileRef = 0885A9A64EC8DEF8448ABA64 /* Pods_NightscoutMenu.framework */; };
/* End PBXBuildFile section */

/* Begin PBXContainerItemProxy section */
		429DE2B620F3FD5F00A1C3C8 /* PBXContainerItemProxy */ = {
			isa = PBXContainerItemProxy;
			containerPortal = 42F91DCD20C155B60053C593 /* Project object */;
			proxyType = 1;
			remoteGlobalIDString = 42F91DD420C155B60053C593;
			remoteInfo = NightscoutMenu;
		};
/* End PBXContainerItemProxy section */

/* Begin PBXFileReference section */
		0885A9A64EC8DEF8448ABA64 /* Pods_NightscoutMenu.framework */ = {isa = PBXFileReference; explicitFileType = wrapper.framework; includeInIndex = 0; path = Pods_NightscoutMenu.framework; sourceTree = BUILT_PRODUCTS_DIR; };
		2C30C47D76B5A617322E9518 /* Pods-NightscoutMenu.debug.xcconfig */ = {isa = PBXFileReference; includeInIndex = 1; lastKnownFileType = text.xcconfig; name = "Pods-NightscoutMenu.debug.xcconfig"; path = "../Pods/Target Support Files/Pods-NightscoutMenu/Pods-NightscoutMenu.debug.xcconfig"; sourceTree = "<group>"; };
		40812461945BB64BD8826300 /* Pods-NightscoutMenu.release.xcconfig */ = {isa = PBXFileReference; includeInIndex = 1; lastKnownFileType = text.xcconfig; name = "Pods-NightscoutMenu.release.xcconfig"; path = "../Pods/Target Support Files/Pods-NightscoutMenu/Pods-NightscoutMenu.release.xcconfig"; sourceTree = "<group>"; };
		429DE2A820F3FA5C00A1C3C8 /* CollectionExtensionsUnitTest.swift */ = {isa = PBXFileReference; lastKnownFileType = sourcecode.swift; path = CollectionExtensionsUnitTest.swift; sourceTree = "<group>"; };
		429DE2AA20F3FB1500A1C3C8 /* XCTest.framework */ = {isa = PBXFileReference; lastKnownFileType = wrapper.framework; name = XCTest.framework; path = Platforms/MacOSX.platform/Developer/Library/Frameworks/XCTest.framework; sourceTree = DEVELOPER_DIR; };
		429DE2B120F3FD5E00A1C3C8 /* NightscoutMenuTests.xctest */ = {isa = PBXFileReference; explicitFileType = wrapper.cfbundle; includeInIndex = 0; path = NightscoutMenuTests.xctest; sourceTree = BUILT_PRODUCTS_DIR; };
		429DE2BF20F54D8800A1C3C8 /* NightscoutApiClient.swift */ = {isa = PBXFileReference; lastKnownFileType = sourcecode.swift; path = NightscoutApiClient.swift; sourceTree = "<group>"; };
		429DE2C220F5678700A1C3C8 /* UserConfigurationUnitTest.swift */ = {isa = PBXFileReference; lastKnownFileType = sourcecode.swift; path = UserConfigurationUnitTest.swift; sourceTree = "<group>"; };
		429DE2C420F56AF000A1C3C8 /* UserDefaultsMock.swift */ = {isa = PBXFileReference; lastKnownFileType = sourcecode.swift; path = UserDefaultsMock.swift; sourceTree = "<group>"; };
		42E24A3A20C5B53300A45959 /* Assets.xcassets */ = {isa = PBXFileReference; lastKnownFileType = folder.assetcatalog; path = Assets.xcassets; sourceTree = "<group>"; };
		42E24A3B20C5B53300A45959 /* NightscoutMenu.entitlements */ = {isa = PBXFileReference; fileEncoding = 4; lastKnownFileType = text.plist.entitlements; path = NightscoutMenu.entitlements; sourceTree = "<group>"; };
		42E24A3C20C5B53300A45959 /* Info.plist */ = {isa = PBXFileReference; fileEncoding = 4; lastKnownFileType = text.plist.xml; path = Info.plist; sourceTree = "<group>"; };
		42E24A3E20C5B53300A45959 /* CollectionExtensions.swift */ = {isa = PBXFileReference; fileEncoding = 4; lastKnownFileType = sourcecode.swift; path = CollectionExtensions.swift; sourceTree = "<group>"; };
		42E24A3F20C5B53300A45959 /* NSMenuItemExtensions.swift */ = {isa = PBXFileReference; fileEncoding = 4; lastKnownFileType = sourcecode.swift; path = NSMenuItemExtensions.swift; sourceTree = "<group>"; };
		42E24A4120C5B53300A45959 /* MainMenuController.swift */ = {isa = PBXFileReference; fileEncoding = 4; lastKnownFileType = sourcecode.swift; path = MainMenuController.swift; sourceTree = "<group>"; };
		42E24A4220C5B53300A45959 /* MainMenu.xib */ = {isa = PBXFileReference; fileEncoding = 4; lastKnownFileType = file.xib; path = MainMenu.xib; sourceTree = "<group>"; };
		42E24A4420C5B53300A45959 /* NightscoutApi.swift */ = {isa = PBXFileReference; fileEncoding = 4; lastKnownFileType = sourcecode.swift; path = NightscoutApi.swift; sourceTree = "<group>"; };
		42E24A4520C5B53300A45959 /* AppDelegate.swift */ = {isa = PBXFileReference; fileEncoding = 4; lastKnownFileType = sourcecode.swift; path = AppDelegate.swift; sourceTree = "<group>"; };
		42E24A4720C5B53300A45959 /* UserConfiguration.swift */ = {isa = PBXFileReference; fileEncoding = 4; lastKnownFileType = sourcecode.swift; path = UserConfiguration.swift; sourceTree = "<group>"; };
		42E24A4820C5B53300A45959 /* NightscoutService.swift */ = {isa = PBXFileReference; fileEncoding = 4; lastKnownFileType = sourcecode.swift; path = NightscoutService.swift; sourceTree = "<group>"; };
		42E24A4920C5B53300A45959 /* NotificationService.swift */ = {isa = PBXFileReference; fileEncoding = 4; lastKnownFileType = sourcecode.swift; path = NotificationService.swift; sourceTree = "<group>"; };
		42E24A5720C5B57300A45959 /* Info.plist */ = {isa = PBXFileReference; fileEncoding = 4; lastKnownFileType = text.plist.xml; path = Info.plist; sourceTree = "<group>"; };
		42F91DD520C155B60053C593 /* NightscoutMenu.app */ = {isa = PBXFileReference; explicitFileType = wrapper.application; includeInIndex = 0; path = NightscoutMenu.app; sourceTree = BUILT_PRODUCTS_DIR; };
		4770F07D9D3ACAA40FCEDD8D /* Pods-NightscoutMacMenuBar.release.xcconfig */ = {isa = PBXFileReference; includeInIndex = 1; lastKnownFileType = text.xcconfig; name = "Pods-NightscoutMacMenuBar.release.xcconfig"; path = "../Pods/Target Support Files/Pods-NightscoutMacMenuBar/Pods-NightscoutMacMenuBar.release.xcconfig"; sourceTree = "<group>"; };
		64543DFD08C8C8CEB8FDBAD1 /* Pods_NightscoutMacMenuBarTests.framework */ = {isa = PBXFileReference; explicitFileType = wrapper.framework; includeInIndex = 0; path = Pods_NightscoutMacMenuBarTests.framework; sourceTree = BUILT_PRODUCTS_DIR; };
		7C06443244ABFEDCD222BC47 /* Pods-NightscoutMacMenuBar.debug.xcconfig */ = {isa = PBXFileReference; includeInIndex = 1; lastKnownFileType = text.xcconfig; name = "Pods-NightscoutMacMenuBar.debug.xcconfig"; path = "../Pods/Target Support Files/Pods-NightscoutMacMenuBar/Pods-NightscoutMacMenuBar.debug.xcconfig"; sourceTree = "<group>"; };
		85D5B026F55726A8522FD982 /* Pods-NightscoutMenuTests.debug.xcconfig */ = {isa = PBXFileReference; includeInIndex = 1; lastKnownFileType = text.xcconfig; name = "Pods-NightscoutMenuTests.debug.xcconfig"; path = "../Pods/Target Support Files/Pods-NightscoutMenuTests/Pods-NightscoutMenuTests.debug.xcconfig"; sourceTree = "<group>"; };
		9B8EFD901CCB00113124C73C /* Pods-NightscoutMacMenuBarTests.debug.xcconfig */ = {isa = PBXFileReference; includeInIndex = 1; lastKnownFileType = text.xcconfig; name = "Pods-NightscoutMacMenuBarTests.debug.xcconfig"; path = "../Pods/Target Support Files/Pods-NightscoutMacMenuBarTests/Pods-NightscoutMacMenuBarTests.debug.xcconfig"; sourceTree = "<group>"; };
		A8D7076B73767B249B7ABAB2 /* Pods-NightscoutMenuTests.release.xcconfig */ = {isa = PBXFileReference; includeInIndex = 1; lastKnownFileType = text.xcconfig; name = "Pods-NightscoutMenuTests.release.xcconfig"; path = "../Pods/Target Support Files/Pods-NightscoutMenuTests/Pods-NightscoutMenuTests.release.xcconfig"; sourceTree = "<group>"; };
		BC1EF20D525B4143E6E92470 /* Pods_NightscoutMacMenuBar.framework */ = {isa = PBXFileReference; explicitFileType = wrapper.framework; includeInIndex = 0; path = Pods_NightscoutMacMenuBar.framework; sourceTree = BUILT_PRODUCTS_DIR; };
		D8505D58C0D1D83615DD6657 /* Pods_NightscoutMenuTests.framework */ = {isa = PBXFileReference; explicitFileType = wrapper.framework; includeInIndex = 0; path = Pods_NightscoutMenuTests.framework; sourceTree = BUILT_PRODUCTS_DIR; };
		E2624828CE39A7D132CB1CAE /* Pods-NightscoutMacMenuBarTests.release.xcconfig */ = {isa = PBXFileReference; includeInIndex = 1; lastKnownFileType = text.xcconfig; name = "Pods-NightscoutMacMenuBarTests.release.xcconfig"; path = "../Pods/Target Support Files/Pods-NightscoutMacMenuBarTests/Pods-NightscoutMacMenuBarTests.release.xcconfig"; sourceTree = "<group>"; };
/* End PBXFileReference section */

/* Begin PBXFrameworksBuildPhase section */
		429DE2AE20F3FD5E00A1C3C8 /* Frameworks */ = {
			isa = PBXFrameworksBuildPhase;
			buildActionMask = 2147483647;
			files = (
				848BF0EE3B6B95A079E32931 /* Pods_NightscoutMenuTests.framework in Frameworks */,
			);
			runOnlyForDeploymentPostprocessing = 0;
		};
		42F91DD220C155B60053C593 /* Frameworks */ = {
			isa = PBXFrameworksBuildPhase;
			buildActionMask = 2147483647;
			files = (
				DD861BF122848879DA326D90 /* Pods_NightscoutMenu.framework in Frameworks */,
			);
			runOnlyForDeploymentPostprocessing = 0;
		};
/* End PBXFrameworksBuildPhase section */

/* Begin PBXGroup section */
		429DE2BC20F403CF00A1C3C8 /* Mocks */ = {
			isa = PBXGroup;
			children = (
				429DE2C420F56AF000A1C3C8 /* UserDefaultsMock.swift */,
			);
			path = Mocks;
			sourceTree = "<group>";
		};
		42E24A3720C5B53300A45959 /* Source */ = {
			isa = PBXGroup;
			children = (
				42E24A4320C5B53300A45959 /* Api */,
				42E24A3D20C5B53300A45959 /* Extensions */,
				42E24A4020C5B53300A45959 /* Menu */,
				42E24A3920C5B53300A45959 /* Resources */,
				42E24A4620C5B53300A45959 /* Services */,
				42E24A4520C5B53300A45959 /* AppDelegate.swift */,
			);
			path = Source;
			sourceTree = "<group>";
		};
		42E24A3920C5B53300A45959 /* Resources */ = {
			isa = PBXGroup;
			children = (
				42E24A3A20C5B53300A45959 /* Assets.xcassets */,
				42E24A3B20C5B53300A45959 /* NightscoutMenu.entitlements */,
				42E24A3C20C5B53300A45959 /* Info.plist */,
			);
			path = Resources;
			sourceTree = "<group>";
		};
		42E24A3D20C5B53300A45959 /* Extensions */ = {
			isa = PBXGroup;
			children = (
				42E24A3E20C5B53300A45959 /* CollectionExtensions.swift */,
				42E24A3F20C5B53300A45959 /* NSMenuItemExtensions.swift */,
			);
			path = Extensions;
			sourceTree = "<group>";
		};
		42E24A4020C5B53300A45959 /* Menu */ = {
			isa = PBXGroup;
			children = (
				42E24A4120C5B53300A45959 /* MainMenuController.swift */,
				42E24A4220C5B53300A45959 /* MainMenu.xib */,
			);
			path = Menu;
			sourceTree = "<group>";
		};
		42E24A4320C5B53300A45959 /* Api */ = {
			isa = PBXGroup;
			children = (
				42E24A4420C5B53300A45959 /* NightscoutApi.swift */,
				429DE2BF20F54D8800A1C3C8 /* NightscoutApiClient.swift */,
			);
			path = Api;
			sourceTree = "<group>";
		};
		42E24A4620C5B53300A45959 /* Services */ = {
			isa = PBXGroup;
			children = (
				42E24A4720C5B53300A45959 /* UserConfiguration.swift */,
				42E24A4820C5B53300A45959 /* NightscoutService.swift */,
				42E24A4920C5B53300A45959 /* NotificationService.swift */,
			);
			path = Services;
			sourceTree = "<group>";
		};
		42E24A5520C5B57300A45959 /* Tests */ = {
			isa = PBXGroup;
			children = (
				42E24A5A20C5C10500A45959 /* Extensions */,
				429DE2BC20F403CF00A1C3C8 /* Mocks */,
				42E24A5B20C5C10500A45959 /* Services */,
				42E24A5720C5B57300A45959 /* Info.plist */,
			);
			path = Tests;
			sourceTree = "<group>";
		};
		42E24A5A20C5C10500A45959 /* Extensions */ = {
			isa = PBXGroup;
			children = (
				429DE2A820F3FA5C00A1C3C8 /* CollectionExtensionsUnitTest.swift */,
			);
			path = Extensions;
			sourceTree = "<group>";
		};
		42E24A5B20C5C10500A45959 /* Services */ = {
			isa = PBXGroup;
			children = (
				429DE2C220F5678700A1C3C8 /* UserConfigurationUnitTest.swift */,
			);
			path = Services;
			sourceTree = "<group>";
		};
		42F91DCC20C155B60053C593 = {
			isa = PBXGroup;
			children = (
				42E24A3720C5B53300A45959 /* Source */,
				42E24A5520C5B57300A45959 /* Tests */,
				42F91DD620C155B60053C593 /* Products */,
				C5472F60D5542FC2268F553B /* Pods */,
				68F21115A33AAC2EAD1FBEA8 /* Frameworks */,
			);
			sourceTree = "<group>";
		};
		42F91DD620C155B60053C593 /* Products */ = {
			isa = PBXGroup;
			children = (
				42F91DD520C155B60053C593 /* NightscoutMenu.app */,
				429DE2B120F3FD5E00A1C3C8 /* NightscoutMenuTests.xctest */,
			);
			name = Products;
			sourceTree = "<group>";
		};
		68F21115A33AAC2EAD1FBEA8 /* Frameworks */ = {
			isa = PBXGroup;
			children = (
				429DE2AA20F3FB1500A1C3C8 /* XCTest.framework */,
				BC1EF20D525B4143E6E92470 /* Pods_NightscoutMacMenuBar.framework */,
				64543DFD08C8C8CEB8FDBAD1 /* Pods_NightscoutMacMenuBarTests.framework */,
				0885A9A64EC8DEF8448ABA64 /* Pods_NightscoutMenu.framework */,
				D8505D58C0D1D83615DD6657 /* Pods_NightscoutMenuTests.framework */,
			);
			name = Frameworks;
			sourceTree = "<group>";
		};
		C5472F60D5542FC2268F553B /* Pods */ = {
			isa = PBXGroup;
			children = (
				7C06443244ABFEDCD222BC47 /* Pods-NightscoutMacMenuBar.debug.xcconfig */,
				4770F07D9D3ACAA40FCEDD8D /* Pods-NightscoutMacMenuBar.release.xcconfig */,
				9B8EFD901CCB00113124C73C /* Pods-NightscoutMacMenuBarTests.debug.xcconfig */,
				E2624828CE39A7D132CB1CAE /* Pods-NightscoutMacMenuBarTests.release.xcconfig */,
				2C30C47D76B5A617322E9518 /* Pods-NightscoutMenu.debug.xcconfig */,
				40812461945BB64BD8826300 /* Pods-NightscoutMenu.release.xcconfig */,
				85D5B026F55726A8522FD982 /* Pods-NightscoutMenuTests.debug.xcconfig */,
				A8D7076B73767B249B7ABAB2 /* Pods-NightscoutMenuTests.release.xcconfig */,
			);
			name = Pods;
			sourceTree = "<group>";
		};
/* End PBXGroup section */

/* Begin PBXNativeTarget section */
		429DE2B020F3FD5E00A1C3C8 /* NightscoutMenuTests */ = {
			isa = PBXNativeTarget;
			buildConfigurationList = 429DE2B820F3FD5F00A1C3C8 /* Build configuration list for PBXNativeTarget "NightscoutMenuTests" */;
			buildPhases = (
				111884021EA757B387B6FA2C /* [CP] Check Pods Manifest.lock */,
				429DE2AD20F3FD5E00A1C3C8 /* Sources */,
				429DE2AE20F3FD5E00A1C3C8 /* Frameworks */,
				429DE2AF20F3FD5E00A1C3C8 /* Resources */,
				02BA65608EF76235749EF461 /* [CP] Embed Pods Frameworks */,
			);
			buildRules = (
			);
			dependencies = (
				429DE2B720F3FD5F00A1C3C8 /* PBXTargetDependency */,
			);
			name = NightscoutMenuTests;
			productName = NightscoutMenuTests;
			productReference = 429DE2B120F3FD5E00A1C3C8 /* NightscoutMenuTests.xctest */;
			productType = "com.apple.product-type.bundle.unit-test";
		};
		42F91DD420C155B60053C593 /* NightscoutMenu */ = {
			isa = PBXNativeTarget;
			buildConfigurationList = 42F91DF020C155B80053C593 /* Build configuration list for PBXNativeTarget "NightscoutMenu" */;
			buildPhases = (
				C3436CB2E07F1AD92CBDB7FB /* [CP] Check Pods Manifest.lock */,
				42F91DD120C155B60053C593 /* Sources */,
				42F91DD220C155B60053C593 /* Frameworks */,
				42F91DD320C155B60053C593 /* Resources */,
				95812EA0D38A2F9FA03F9CD7 /* [CP] Embed Pods Frameworks */,
			);
			buildRules = (
			);
			dependencies = (
			);
			name = NightscoutMenu;
			productName = NightscoutMacMenuBar;
			productReference = 42F91DD520C155B60053C593 /* NightscoutMenu.app */;
			productType = "com.apple.product-type.application";
		};
/* End PBXNativeTarget section */

/* Begin PBXProject section */
		42F91DCD20C155B60053C593 /* Project object */ = {
			isa = PBXProject;
			attributes = {
				LastSwiftUpdateCheck = 0940;
				LastUpgradeCheck = 0940;
				ORGANIZATIONNAME = "Chris van Es";
				TargetAttributes = {
					429DE2B020F3FD5E00A1C3C8 = {
						CreatedOnToolsVersion = 9.4.1;
						TestTargetID = 42F91DD420C155B60053C593;
					};
					42F91DD420C155B60053C593 = {
						CreatedOnToolsVersion = 9.4;
					};
				};
			};
			buildConfigurationList = 42F91DD020C155B60053C593 /* Build configuration list for PBXProject "NightscoutMenu" */;
			compatibilityVersion = "Xcode 9.3";
			developmentRegion = en;
			hasScannedForEncodings = 0;
			knownRegions = (
				en,
				Base,
			);
			mainGroup = 42F91DCC20C155B60053C593;
			productRefGroup = 42F91DD620C155B60053C593 /* Products */;
			projectDirPath = "";
			projectRoot = "";
			targets = (
				42F91DD420C155B60053C593 /* NightscoutMenu */,
				429DE2B020F3FD5E00A1C3C8 /* NightscoutMenuTests */,
			);
		};
/* End PBXProject section */

/* Begin PBXResourcesBuildPhase section */
		429DE2AF20F3FD5E00A1C3C8 /* Resources */ = {
			isa = PBXResourcesBuildPhase;
			buildActionMask = 2147483647;
			files = (
			);
			runOnlyForDeploymentPostprocessing = 0;
		};
		42F91DD320C155B60053C593 /* Resources */ = {
			isa = PBXResourcesBuildPhase;
			buildActionMask = 2147483647;
			files = (
				42E24A4A20C5B53300A45959 /* Assets.xcassets in Resources */,
				42E24A4F20C5B53300A45959 /* MainMenu.xib in Resources */,
			);
			runOnlyForDeploymentPostprocessing = 0;
		};
/* End PBXResourcesBuildPhase section */

/* Begin PBXShellScriptBuildPhase section */
		02BA65608EF76235749EF461 /* [CP] Embed Pods Frameworks */ = {
			isa = PBXShellScriptBuildPhase;
			buildActionMask = 2147483647;
			files = (
			);
			inputPaths = (
				"${SRCROOT}/../Pods/Target Support Files/Pods-NightscoutMenuTests/Pods-NightscoutMenuTests-frameworks.sh",
				"${BUILT_PRODUCTS_DIR}/SwiftHamcrest/Hamcrest.framework",
			);
			name = "[CP] Embed Pods Frameworks";
			outputPaths = (
				"${TARGET_BUILD_DIR}/${FRAMEWORKS_FOLDER_PATH}/Hamcrest.framework",
			);
			runOnlyForDeploymentPostprocessing = 0;
			shellPath = /bin/sh;
			shellScript = "\"${SRCROOT}/../Pods/Target Support Files/Pods-NightscoutMenuTests/Pods-NightscoutMenuTests-frameworks.sh\"\n";
			showEnvVarsInLog = 0;
		};
		111884021EA757B387B6FA2C /* [CP] Check Pods Manifest.lock */ = {
			isa = PBXShellScriptBuildPhase;
			buildActionMask = 2147483647;
			files = (
			);
			inputPaths = (
				"${PODS_PODFILE_DIR_PATH}/Podfile.lock",
				"${PODS_ROOT}/Manifest.lock",
			);
			name = "[CP] Check Pods Manifest.lock";
			outputPaths = (
				"$(DERIVED_FILE_DIR)/Pods-NightscoutMenuTests-checkManifestLockResult.txt",
			);
			runOnlyForDeploymentPostprocessing = 0;
			shellPath = /bin/sh;
			shellScript = "diff \"${PODS_PODFILE_DIR_PATH}/Podfile.lock\" \"${PODS_ROOT}/Manifest.lock\" > /dev/null\nif [ $? != 0 ] ; then\n    # print error to STDERR\n    echo \"error: The sandbox is not in sync with the Podfile.lock. Run 'pod install' or update your CocoaPods installation.\" >&2\n    exit 1\nfi\n# This output is used by Xcode 'outputs' to avoid re-running this script phase.\necho \"SUCCESS\" > \"${SCRIPT_OUTPUT_FILE_0}\"\n";
			showEnvVarsInLog = 0;
		};
		95812EA0D38A2F9FA03F9CD7 /* [CP] Embed Pods Frameworks */ = {
			isa = PBXShellScriptBuildPhase;
			buildActionMask = 2147483647;
			files = (
			);
			inputPaths = (
				"${SRCROOT}/../Pods/Target Support Files/Pods-NightscoutMenu/Pods-NightscoutMenu-frameworks.sh",
				"${BUILT_PRODUCTS_DIR}/Alamofire/Alamofire.framework",
				"${BUILT_PRODUCTS_DIR}/Moya/Moya.framework",
				"${BUILT_PRODUCTS_DIR}/Result/Result.framework",
				"${BUILT_PRODUCTS_DIR}/RxSwift/RxSwift.framework",
			);
			name = "[CP] Embed Pods Frameworks";
			outputPaths = (
				"${TARGET_BUILD_DIR}/${FRAMEWORKS_FOLDER_PATH}/Alamofire.framework",
				"${TARGET_BUILD_DIR}/${FRAMEWORKS_FOLDER_PATH}/Moya.framework",
				"${TARGET_BUILD_DIR}/${FRAMEWORKS_FOLDER_PATH}/Result.framework",
				"${TARGET_BUILD_DIR}/${FRAMEWORKS_FOLDER_PATH}/RxSwift.framework",
			);
			runOnlyForDeploymentPostprocessing = 0;
			shellPath = /bin/sh;
			shellScript = "\"${SRCROOT}/../Pods/Target Support Files/Pods-NightscoutMenu/Pods-NightscoutMenu-frameworks.sh\"\n";
			showEnvVarsInLog = 0;
		};
		C3436CB2E07F1AD92CBDB7FB /* [CP] Check Pods Manifest.lock */ = {
			isa = PBXShellScriptBuildPhase;
			buildActionMask = 2147483647;
			files = (
			);
			inputPaths = (
				"${PODS_PODFILE_DIR_PATH}/Podfile.lock",
				"${PODS_ROOT}/Manifest.lock",
			);
			name = "[CP] Check Pods Manifest.lock";
			outputPaths = (
				"$(DERIVED_FILE_DIR)/Pods-NightscoutMenu-checkManifestLockResult.txt",
			);
			runOnlyForDeploymentPostprocessing = 0;
			shellPath = /bin/sh;
			shellScript = "diff \"${PODS_PODFILE_DIR_PATH}/Podfile.lock\" \"${PODS_ROOT}/Manifest.lock\" > /dev/null\nif [ $? != 0 ] ; then\n    # print error to STDERR\n    echo \"error: The sandbox is not in sync with the Podfile.lock. Run 'pod install' or update your CocoaPods installation.\" >&2\n    exit 1\nfi\n# This output is used by Xcode 'outputs' to avoid re-running this script phase.\necho \"SUCCESS\" > \"${SCRIPT_OUTPUT_FILE_0}\"\n";
			showEnvVarsInLog = 0;
		};
/* End PBXShellScriptBuildPhase section */

/* Begin PBXSourcesBuildPhase section */
		429DE2AD20F3FD5E00A1C3C8 /* Sources */ = {
			isa = PBXSourcesBuildPhase;
			buildActionMask = 2147483647;
			files = (
				429DE2C520F56AF000A1C3C8 /* UserDefaultsMock.swift in Sources */,
				429DE2BB20F3FDB300A1C3C8 /* CollectionExtensionsUnitTest.swift in Sources */,
				429DE2C320F5678700A1C3C8 /* UserConfigurationUnitTest.swift in Sources */,
			);
			runOnlyForDeploymentPostprocessing = 0;
		};
		42F91DD120C155B60053C593 /* Sources */ = {
			isa = PBXSourcesBuildPhase;
			buildActionMask = 2147483647;
			files = (
				42E24A5020C5B53300A45959 /* NightscoutApi.swift in Sources */,
				429DE2C120F54DD700A1C3C8 /* NightscoutApiClient.swift in Sources */,
				42E24A4D20C5B53300A45959 /* NSMenuItemExtensions.swift in Sources */,
				42E24A4C20C5B53300A45959 /* CollectionExtensions.swift in Sources */,
				42E24A5320C5B53300A45959 /* NightscoutService.swift in Sources */,
				42E24A5420C5B53300A45959 /* NotificationService.swift in Sources */,
				42E24A5220C5B53300A45959 /* UserConfiguration.swift in Sources */,
				42E24A5120C5B53300A45959 /* AppDelegate.swift in Sources */,
				42E24A4E20C5B53300A45959 /* MainMenuController.swift in Sources */,
			);
			runOnlyForDeploymentPostprocessing = 0;
		};
/* End PBXSourcesBuildPhase section */

/* Begin PBXTargetDependency section */
		429DE2B720F3FD5F00A1C3C8 /* PBXTargetDependency */ = {
			isa = PBXTargetDependency;
			target = 42F91DD420C155B60053C593 /* NightscoutMenu */;
			targetProxy = 429DE2B620F3FD5F00A1C3C8 /* PBXContainerItemProxy */;
		};
/* End PBXTargetDependency section */

/* Begin XCBuildConfiguration section */
		429DE2B920F3FD5F00A1C3C8 /* Debug */ = {
			isa = XCBuildConfiguration;
			baseConfigurationReference = 85D5B026F55726A8522FD982 /* Pods-NightscoutMenuTests.debug.xcconfig */;
			buildSettings = {
				BUNDLE_LOADER = "$(TEST_HOST)";
				CODE_SIGN_STYLE = Automatic;
				COMBINE_HIDPI_IMAGES = YES;
				DEVELOPMENT_TEAM = 5M8HY9U5SW;
				INFOPLIST_FILE = Tests/Info.plist;
				LD_RUNPATH_SEARCH_PATHS = (
					"$(inherited)",
					"@executable_path/../Frameworks",
					"@loader_path/../Frameworks",
				);
				PRODUCT_BUNDLE_IDENTIFIER = com.cvanes.NightscoutMenuTests;
				PRODUCT_NAME = "$(TARGET_NAME)";
				SWIFT_VERSION = 4.0;
				TEST_HOST = "$(BUILT_PRODUCTS_DIR)/NightscoutMenu.app/Contents/MacOS/NightscoutMenu";
			};
			name = Debug;
		};
		429DE2BA20F3FD5F00A1C3C8 /* Release */ = {
			isa = XCBuildConfiguration;
			baseConfigurationReference = A8D7076B73767B249B7ABAB2 /* Pods-NightscoutMenuTests.release.xcconfig */;
			buildSettings = {
				BUNDLE_LOADER = "$(TEST_HOST)";
				CODE_SIGN_STYLE = Automatic;
				COMBINE_HIDPI_IMAGES = YES;
				DEVELOPMENT_TEAM = 5M8HY9U5SW;
				INFOPLIST_FILE = Tests/Info.plist;
				LD_RUNPATH_SEARCH_PATHS = (
					"$(inherited)",
					"@executable_path/../Frameworks",
					"@loader_path/../Frameworks",
				);
				PRODUCT_BUNDLE_IDENTIFIER = com.cvanes.NightscoutMenuTests;
				PRODUCT_NAME = "$(TARGET_NAME)";
				SWIFT_VERSION = 4.0;
				TEST_HOST = "$(BUILT_PRODUCTS_DIR)/NightscoutMenu.app/Contents/MacOS/NightscoutMenu";
			};
			name = Release;
		};
		42F91DEE20C155B80053C593 /* Debug */ = {
			isa = XCBuildConfiguration;
			buildSettings = {
				ALWAYS_SEARCH_USER_PATHS = NO;
				CLANG_ANALYZER_NONNULL = YES;
				CLANG_ANALYZER_NUMBER_OBJECT_CONVERSION = YES_AGGRESSIVE;
				CLANG_CXX_LANGUAGE_STANDARD = "gnu++14";
				CLANG_CXX_LIBRARY = "libc++";
				CLANG_ENABLE_MODULES = YES;
				CLANG_ENABLE_OBJC_ARC = YES;
				CLANG_ENABLE_OBJC_WEAK = YES;
				CLANG_WARN_BLOCK_CAPTURE_AUTORELEASING = YES;
				CLANG_WARN_BOOL_CONVERSION = YES;
				CLANG_WARN_COMMA = YES;
				CLANG_WARN_CONSTANT_CONVERSION = YES;
				CLANG_WARN_DEPRECATED_OBJC_IMPLEMENTATIONS = YES;
				CLANG_WARN_DIRECT_OBJC_ISA_USAGE = YES_ERROR;
				CLANG_WARN_DOCUMENTATION_COMMENTS = YES;
				CLANG_WARN_EMPTY_BODY = YES;
				CLANG_WARN_ENUM_CONVERSION = YES;
				CLANG_WARN_INFINITE_RECURSION = YES;
				CLANG_WARN_INT_CONVERSION = YES;
				CLANG_WARN_NON_LITERAL_NULL_CONVERSION = YES;
				CLANG_WARN_OBJC_IMPLICIT_RETAIN_SELF = YES;
				CLANG_WARN_OBJC_LITERAL_CONVERSION = YES;
				CLANG_WARN_OBJC_ROOT_CLASS = YES_ERROR;
				CLANG_WARN_RANGE_LOOP_ANALYSIS = YES;
				CLANG_WARN_STRICT_PROTOTYPES = YES;
				CLANG_WARN_SUSPICIOUS_MOVE = YES;
				CLANG_WARN_UNGUARDED_AVAILABILITY = YES_AGGRESSIVE;
				CLANG_WARN_UNREACHABLE_CODE = YES;
				CLANG_WARN__DUPLICATE_METHOD_MATCH = YES;
				CODE_SIGN_IDENTITY = "Mac Developer";
				COPY_PHASE_STRIP = NO;
				DEBUG_INFORMATION_FORMAT = dwarf;
				ENABLE_STRICT_OBJC_MSGSEND = YES;
				ENABLE_TESTABILITY = YES;
				GCC_C_LANGUAGE_STANDARD = gnu11;
				GCC_DYNAMIC_NO_PIC = NO;
				GCC_NO_COMMON_BLOCKS = YES;
				GCC_OPTIMIZATION_LEVEL = 0;
				GCC_PREPROCESSOR_DEFINITIONS = (
					"DEBUG=1",
					"$(inherited)",
				);
				GCC_WARN_64_TO_32_BIT_CONVERSION = YES;
				GCC_WARN_ABOUT_RETURN_TYPE = YES_ERROR;
				GCC_WARN_UNDECLARED_SELECTOR = YES;
				GCC_WARN_UNINITIALIZED_AUTOS = YES_AGGRESSIVE;
				GCC_WARN_UNUSED_FUNCTION = YES;
				GCC_WARN_UNUSED_VARIABLE = YES;
				MACOSX_DEPLOYMENT_TARGET = 10.13;
				MTL_ENABLE_DEBUG_INFO = YES;
				ONLY_ACTIVE_ARCH = YES;
				SDKROOT = macosx;
				SWIFT_ACTIVE_COMPILATION_CONDITIONS = DEBUG;
				SWIFT_OPTIMIZATION_LEVEL = "-Onone";
			};
			name = Debug;
		};
		42F91DEF20C155B80053C593 /* Release */ = {
			isa = XCBuildConfiguration;
			buildSettings = {
				ALWAYS_SEARCH_USER_PATHS = NO;
				CLANG_ANALYZER_NONNULL = YES;
				CLANG_ANALYZER_NUMBER_OBJECT_CONVERSION = YES_AGGRESSIVE;
				CLANG_CXX_LANGUAGE_STANDARD = "gnu++14";
				CLANG_CXX_LIBRARY = "libc++";
				CLANG_ENABLE_MODULES = YES;
				CLANG_ENABLE_OBJC_ARC = YES;
				CLANG_ENABLE_OBJC_WEAK = YES;
				CLANG_WARN_BLOCK_CAPTURE_AUTORELEASING = YES;
				CLANG_WARN_BOOL_CONVERSION = YES;
				CLANG_WARN_COMMA = YES;
				CLANG_WARN_CONSTANT_CONVERSION = YES;
				CLANG_WARN_DEPRECATED_OBJC_IMPLEMENTATIONS = YES;
				CLANG_WARN_DIRECT_OBJC_ISA_USAGE = YES_ERROR;
				CLANG_WARN_DOCUMENTATION_COMMENTS = YES;
				CLANG_WARN_EMPTY_BODY = YES;
				CLANG_WARN_ENUM_CONVERSION = YES;
				CLANG_WARN_INFINITE_RECURSION = YES;
				CLANG_WARN_INT_CONVERSION = YES;
				CLANG_WARN_NON_LITERAL_NULL_CONVERSION = YES;
				CLANG_WARN_OBJC_IMPLICIT_RETAIN_SELF = YES;
				CLANG_WARN_OBJC_LITERAL_CONVERSION = YES;
				CLANG_WARN_OBJC_ROOT_CLASS = YES_ERROR;
				CLANG_WARN_RANGE_LOOP_ANALYSIS = YES;
				CLANG_WARN_STRICT_PROTOTYPES = YES;
				CLANG_WARN_SUSPICIOUS_MOVE = YES;
				CLANG_WARN_UNGUARDED_AVAILABILITY = YES_AGGRESSIVE;
				CLANG_WARN_UNREACHABLE_CODE = YES;
				CLANG_WARN__DUPLICATE_METHOD_MATCH = YES;
				CODE_SIGN_IDENTITY = "Mac Developer";
				COPY_PHASE_STRIP = NO;
				DEBUG_INFORMATION_FORMAT = "dwarf-with-dsym";
				ENABLE_NS_ASSERTIONS = NO;
				ENABLE_STRICT_OBJC_MSGSEND = YES;
				GCC_C_LANGUAGE_STANDARD = gnu11;
				GCC_NO_COMMON_BLOCKS = YES;
				GCC_WARN_64_TO_32_BIT_CONVERSION = YES;
				GCC_WARN_ABOUT_RETURN_TYPE = YES_ERROR;
				GCC_WARN_UNDECLARED_SELECTOR = YES;
				GCC_WARN_UNINITIALIZED_AUTOS = YES_AGGRESSIVE;
				GCC_WARN_UNUSED_FUNCTION = YES;
				GCC_WARN_UNUSED_VARIABLE = YES;
				MACOSX_DEPLOYMENT_TARGET = 10.13;
				MTL_ENABLE_DEBUG_INFO = NO;
				SDKROOT = macosx;
				SWIFT_COMPILATION_MODE = wholemodule;
				SWIFT_OPTIMIZATION_LEVEL = "-O";
			};
			name = Release;
		};
		42F91DF120C155B80053C593 /* Debug */ = {
			isa = XCBuildConfiguration;
			baseConfigurationReference = 2C30C47D76B5A617322E9518 /* Pods-NightscoutMenu.debug.xcconfig */;
			buildSettings = {
				ASSETCATALOG_COMPILER_APPICON_NAME = AppIcon;
				CODE_SIGN_ENTITLEMENTS = Source/Resources/NightscoutMenu.entitlements;
				CODE_SIGN_IDENTITY = "";
				CODE_SIGN_STYLE = Automatic;
				COMBINE_HIDPI_IMAGES = YES;
				DEVELOPMENT_TEAM = 5M8HY9U5SW;
				INFOPLIST_FILE = Source/Resources/Info.plist;
				LD_RUNPATH_SEARCH_PATHS = (
					"$(inherited)",
					"@executable_path/../Frameworks",
				);
				PRODUCT_BUNDLE_IDENTIFIER = com.cvanes.NightscoutMenu;
				PRODUCT_NAME = NightscoutMenu;
				SWIFT_VERSION = 4.0;
			};
			name = Debug;
		};
		42F91DF220C155B80053C593 /* Release */ = {
			isa = XCBuildConfiguration;
			baseConfigurationReference = 40812461945BB64BD8826300 /* Pods-NightscoutMenu.release.xcconfig */;
			buildSettings = {
				ASSETCATALOG_COMPILER_APPICON_NAME = AppIcon;
				CODE_SIGN_ENTITLEMENTS = Source/Resources/NightscoutMenu.entitlements;
				CODE_SIGN_IDENTITY = "";
				CODE_SIGN_STYLE = Automatic;
				COMBINE_HIDPI_IMAGES = YES;
				DEVELOPMENT_TEAM = 5M8HY9U5SW;
				INFOPLIST_FILE = Source/Resources/Info.plist;
				LD_RUNPATH_SEARCH_PATHS = (
					"$(inherited)",
					"@executable_path/../Frameworks",
				);
				PRODUCT_BUNDLE_IDENTIFIER = com.cvanes.NightscoutMenu;
				PRODUCT_NAME = NightscoutMenu;
				SWIFT_VERSION = 4.0;
			};
			name = Release;
		};
/* End XCBuildConfiguration section */

/* Begin XCConfigurationList section */
		429DE2B820F3FD5F00A1C3C8 /* Build configuration list for PBXNativeTarget "NightscoutMenuTests" */ = {
			isa = XCConfigurationList;
			buildConfigurations = (
				429DE2B920F3FD5F00A1C3C8 /* Debug */,
				429DE2BA20F3FD5F00A1C3C8 /* Release */,
			);
			defaultConfigurationIsVisible = 0;
			defaultConfigurationName = Release;
		};
		42F91DD020C155B60053C593 /* Build configuration list for PBXProject "NightscoutMenu" */ = {
			isa = XCConfigurationList;
			buildConfigurations = (
				42F91DEE20C155B80053C593 /* Debug */,
				42F91DEF20C155B80053C593 /* Release */,
			);
			defaultConfigurationIsVisible = 0;
			defaultConfigurationName = Release;
		};
		42F91DF020C155B80053C593 /* Build configuration list for PBXNativeTarget "NightscoutMenu" */ = {
			isa = XCConfigurationList;
			buildConfigurations = (
				42F91DF120C155B80053C593 /* Debug */,
				42F91DF220C155B80053C593 /* Release */,
			);
			defaultConfigurationIsVisible = 0;
			defaultConfigurationName = Release;
		};
/* End XCConfigurationList section */
	};
	rootObject = 42F91DCD20C155B60053C593 /* Project object */;
}
